// !$*UTF8*$!
{
	archiveVersion = 1;
	classes = {
	};
	objectVersion = 51;
	objects = {

/* Begin PBXBuildFile section */
		0CC265E41205F7ADBA3D6F65 /* Pods_CatsAndDogsTests.framework in Frameworks */ = {isa = PBXBuildFile; fileRef = 4E4775B345103F618FC364F0 /* Pods_CatsAndDogsTests.framework */; };
		1CC590B8B4DA2941DD5920B4 /* Pods_CatsAndDogs.framework in Frameworks */ = {isa = PBXBuildFile; fileRef = 4AE90EC82CCD56C0A4144351 /* Pods_CatsAndDogs.framework */; };
		2FF6112DD29A1DB8C21AE109 /* Pods_CatsAndDogs_CatsAndDogsUITests.framework in Frameworks */ = {isa = PBXBuildFile; fileRef = 58E31D5AD66F8746CA444D68 /* Pods_CatsAndDogs_CatsAndDogsUITests.framework */; };
		9F55F9B825A9B04D003809F4 /* RegisterView.swift in Sources */ = {isa = PBXBuildFile; fileRef = 9F55F9B725A9B04D003809F4 /* RegisterView.swift */; };
		9F55F9BA25A9B60C003809F4 /* MainView.swift in Sources */ = {isa = PBXBuildFile; fileRef = 9F55F9B925A9B60C003809F4 /* MainView.swift */; };
		9F55F9C125A9F755003809F4 /* VerificationView.swift in Sources */ = {isa = PBXBuildFile; fileRef = 9F55F9C025A9F755003809F4 /* VerificationView.swift */; };
		9F9568DA258E537800EB2EA5 /* AppDelegate.swift in Sources */ = {isa = PBXBuildFile; fileRef = 9F9568D9258E537800EB2EA5 /* AppDelegate.swift */; };
		9F9568DC258E537800EB2EA5 /* SceneDelegate.swift in Sources */ = {isa = PBXBuildFile; fileRef = 9F9568DB258E537800EB2EA5 /* SceneDelegate.swift */; };
		9F9568DE258E537800EB2EA5 /* ContentView.swift in Sources */ = {isa = PBXBuildFile; fileRef = 9F9568DD258E537800EB2EA5 /* ContentView.swift */; };
		9F9568E0258E537E00EB2EA5 /* Assets.xcassets in Resources */ = {isa = PBXBuildFile; fileRef = 9F9568DF258E537E00EB2EA5 /* Assets.xcassets */; };
		9F9568E3258E537E00EB2EA5 /* Preview Assets.xcassets in Resources */ = {isa = PBXBuildFile; fileRef = 9F9568E2258E537E00EB2EA5 /* Preview Assets.xcassets */; };
		9F9568E6258E537E00EB2EA5 /* LaunchScreen.storyboard in Resources */ = {isa = PBXBuildFile; fileRef = 9F9568E4258E537E00EB2EA5 /* LaunchScreen.storyboard */; };
		9F9568F1258E537E00EB2EA5 /* CatsAndDogsTests.swift in Sources */ = {isa = PBXBuildFile; fileRef = 9F9568F0258E537E00EB2EA5 /* CatsAndDogsTests.swift */; };
		9F9568FC258E537E00EB2EA5 /* CatsAndDogsUITests.swift in Sources */ = {isa = PBXBuildFile; fileRef = 9F9568FB258E537E00EB2EA5 /* CatsAndDogsUITests.swift */; };
		9F95690A258E982F00EB2EA5 /* GoogleService-Info.plist in Resources */ = {isa = PBXBuildFile; fileRef = 9F956909258E982F00EB2EA5 /* GoogleService-Info.plist */; };
		9FA1149325AB0ED800B52FAC /* AppRootView.swift in Sources */ = {isa = PBXBuildFile; fileRef = 9FA1149225AB0ED800B52FAC /* AppRootView.swift */; };
/* End PBXBuildFile section */

/* Begin PBXContainerItemProxy section */
		9F9568ED258E537E00EB2EA5 /* PBXContainerItemProxy */ = {
			isa = PBXContainerItemProxy;
			containerPortal = 9F9568CE258E537800EB2EA5 /* Project object */;
			proxyType = 1;
			remoteGlobalIDString = 9F9568D5258E537800EB2EA5;
			remoteInfo = CatsAndDogs;
		};
		9F9568F8258E537E00EB2EA5 /* PBXContainerItemProxy */ = {
			isa = PBXContainerItemProxy;
			containerPortal = 9F9568CE258E537800EB2EA5 /* Project object */;
			proxyType = 1;
			remoteGlobalIDString = 9F9568D5258E537800EB2EA5;
			remoteInfo = CatsAndDogs;
		};
/* End PBXContainerItemProxy section */

/* Begin PBXFileReference section */
		17BD8D5BFEFC2DAF794C6E75 /* Pods-CatsAndDogs.debug.xcconfig */ = {isa = PBXFileReference; includeInIndex = 1; lastKnownFileType = text.xcconfig; name = "Pods-CatsAndDogs.debug.xcconfig"; path = "Target Support Files/Pods-CatsAndDogs/Pods-CatsAndDogs.debug.xcconfig"; sourceTree = "<group>"; };
		4AE90EC82CCD56C0A4144351 /* Pods_CatsAndDogs.framework */ = {isa = PBXFileReference; explicitFileType = wrapper.framework; includeInIndex = 0; path = Pods_CatsAndDogs.framework; sourceTree = BUILT_PRODUCTS_DIR; };
		4E4775B345103F618FC364F0 /* Pods_CatsAndDogsTests.framework */ = {isa = PBXFileReference; explicitFileType = wrapper.framework; includeInIndex = 0; path = Pods_CatsAndDogsTests.framework; sourceTree = BUILT_PRODUCTS_DIR; };
		58E31D5AD66F8746CA444D68 /* Pods_CatsAndDogs_CatsAndDogsUITests.framework */ = {isa = PBXFileReference; explicitFileType = wrapper.framework; includeInIndex = 0; path = Pods_CatsAndDogs_CatsAndDogsUITests.framework; sourceTree = BUILT_PRODUCTS_DIR; };
		9F55F9B725A9B04D003809F4 /* RegisterView.swift */ = {isa = PBXFileReference; lastKnownFileType = sourcecode.swift; name = RegisterView.swift; path = CatsAndDogs/Authentication/RegisterView.swift; sourceTree = SOURCE_ROOT; };
		9F55F9B925A9B60C003809F4 /* MainView.swift */ = {isa = PBXFileReference; lastKnownFileType = sourcecode.swift; path = MainView.swift; sourceTree = "<group>"; };
		9F55F9C025A9F755003809F4 /* VerificationView.swift */ = {isa = PBXFileReference; lastKnownFileType = sourcecode.swift; name = VerificationView.swift; path = CatsAndDogs/Authentication/VerificationView.swift; sourceTree = SOURCE_ROOT; };
		9F9568D6258E537800EB2EA5 /* CatsAndDogs.app */ = {isa = PBXFileReference; explicitFileType = wrapper.application; includeInIndex = 0; path = CatsAndDogs.app; sourceTree = BUILT_PRODUCTS_DIR; };
		9F9568D9258E537800EB2EA5 /* AppDelegate.swift */ = {isa = PBXFileReference; lastKnownFileType = sourcecode.swift; name = AppDelegate.swift; path = CatsAndDogs/Delegates/AppDelegate.swift; sourceTree = SOURCE_ROOT; };
		9F9568DB258E537800EB2EA5 /* SceneDelegate.swift */ = {isa = PBXFileReference; lastKnownFileType = sourcecode.swift; name = SceneDelegate.swift; path = CatsAndDogs/Delegates/SceneDelegate.swift; sourceTree = SOURCE_ROOT; };
		9F9568DD258E537800EB2EA5 /* ContentView.swift */ = {isa = PBXFileReference; lastKnownFileType = sourcecode.swift; name = ContentView.swift; path = CatsAndDogs/Authentication/ContentView.swift; sourceTree = SOURCE_ROOT; };
		9F9568DF258E537E00EB2EA5 /* Assets.xcassets */ = {isa = PBXFileReference; lastKnownFileType = folder.assetcatalog; path = Assets.xcassets; sourceTree = "<group>"; };
		9F9568E2258E537E00EB2EA5 /* Preview Assets.xcassets */ = {isa = PBXFileReference; lastKnownFileType = folder.assetcatalog; path = "Preview Assets.xcassets"; sourceTree = "<group>"; };
		9F9568E5258E537E00EB2EA5 /* Base */ = {isa = PBXFileReference; lastKnownFileType = file.storyboard; name = Base; path = Base.lproj/LaunchScreen.storyboard; sourceTree = "<group>"; };
		9F9568E7258E537E00EB2EA5 /* Info.plist */ = {isa = PBXFileReference; lastKnownFileType = text.plist.xml; path = Info.plist; sourceTree = "<group>"; };
		9F9568EC258E537E00EB2EA5 /* CatsAndDogsTests.xctest */ = {isa = PBXFileReference; explicitFileType = wrapper.cfbundle; includeInIndex = 0; path = CatsAndDogsTests.xctest; sourceTree = BUILT_PRODUCTS_DIR; };
		9F9568F0258E537E00EB2EA5 /* CatsAndDogsTests.swift */ = {isa = PBXFileReference; lastKnownFileType = sourcecode.swift; path = CatsAndDogsTests.swift; sourceTree = "<group>"; };
		9F9568F2258E537E00EB2EA5 /* Info.plist */ = {isa = PBXFileReference; lastKnownFileType = text.plist.xml; path = Info.plist; sourceTree = "<group>"; };
		9F9568F7258E537E00EB2EA5 /* CatsAndDogsUITests.xctest */ = {isa = PBXFileReference; explicitFileType = wrapper.cfbundle; includeInIndex = 0; path = CatsAndDogsUITests.xctest; sourceTree = BUILT_PRODUCTS_DIR; };
		9F9568FB258E537E00EB2EA5 /* CatsAndDogsUITests.swift */ = {isa = PBXFileReference; lastKnownFileType = sourcecode.swift; path = CatsAndDogsUITests.swift; sourceTree = "<group>"; };
		9F9568FD258E537E00EB2EA5 /* Info.plist */ = {isa = PBXFileReference; lastKnownFileType = text.plist.xml; path = Info.plist; sourceTree = "<group>"; };
		9F956909258E982F00EB2EA5 /* GoogleService-Info.plist */ = {isa = PBXFileReference; fileEncoding = 4; lastKnownFileType = text.plist.xml; name = "GoogleService-Info.plist"; path = "../../../../../../Downloads/GoogleService-Info.plist"; sourceTree = "<group>"; };
		9FA1149225AB0ED800B52FAC /* AppRootView.swift */ = {isa = PBXFileReference; lastKnownFileType = sourcecode.swift; path = AppRootView.swift; sourceTree = "<group>"; };
		A16B82CBC6339CEF4F454137 /* Pods-CatsAndDogs-CatsAndDogsUITests.debug.xcconfig */ = {isa = PBXFileReference; includeInIndex = 1; lastKnownFileType = text.xcconfig; name = "Pods-CatsAndDogs-CatsAndDogsUITests.debug.xcconfig"; path = "Target Support Files/Pods-CatsAndDogs-CatsAndDogsUITests/Pods-CatsAndDogs-CatsAndDogsUITests.debug.xcconfig"; sourceTree = "<group>"; };
		AB8ECE9C229DC7DCF88C839C /* Pods-CatsAndDogs.release.xcconfig */ = {isa = PBXFileReference; includeInIndex = 1; lastKnownFileType = text.xcconfig; name = "Pods-CatsAndDogs.release.xcconfig"; path = "Target Support Files/Pods-CatsAndDogs/Pods-CatsAndDogs.release.xcconfig"; sourceTree = "<group>"; };
		C0AABBE0420FEB875B225445 /* Pods-CatsAndDogsTests.debug.xcconfig */ = {isa = PBXFileReference; includeInIndex = 1; lastKnownFileType = text.xcconfig; name = "Pods-CatsAndDogsTests.debug.xcconfig"; path = "Target Support Files/Pods-CatsAndDogsTests/Pods-CatsAndDogsTests.debug.xcconfig"; sourceTree = "<group>"; };
		C1EF61A50C1932DA041574BA /* Pods-CatsAndDogsTests.release.xcconfig */ = {isa = PBXFileReference; includeInIndex = 1; lastKnownFileType = text.xcconfig; name = "Pods-CatsAndDogsTests.release.xcconfig"; path = "Target Support Files/Pods-CatsAndDogsTests/Pods-CatsAndDogsTests.release.xcconfig"; sourceTree = "<group>"; };
		DA0087FB60A0A8795E1605E7 /* Pods-CatsAndDogs-CatsAndDogsUITests.release.xcconfig */ = {isa = PBXFileReference; includeInIndex = 1; lastKnownFileType = text.xcconfig; name = "Pods-CatsAndDogs-CatsAndDogsUITests.release.xcconfig"; path = "Target Support Files/Pods-CatsAndDogs-CatsAndDogsUITests/Pods-CatsAndDogs-CatsAndDogsUITests.release.xcconfig"; sourceTree = "<group>"; };
/* End PBXFileReference section */

/* Begin PBXFrameworksBuildPhase section */
		9F9568D3258E537800EB2EA5 /* Frameworks */ = {
			isa = PBXFrameworksBuildPhase;
			buildActionMask = 2147483647;
			files = (
				1CC590B8B4DA2941DD5920B4 /* Pods_CatsAndDogs.framework in Frameworks */,
			);
			runOnlyForDeploymentPostprocessing = 0;
		};
		9F9568E9258E537E00EB2EA5 /* Frameworks */ = {
			isa = PBXFrameworksBuildPhase;
			buildActionMask = 2147483647;
			files = (
				0CC265E41205F7ADBA3D6F65 /* Pods_CatsAndDogsTests.framework in Frameworks */,
			);
			runOnlyForDeploymentPostprocessing = 0;
		};
		9F9568F4258E537E00EB2EA5 /* Frameworks */ = {
			isa = PBXFrameworksBuildPhase;
			buildActionMask = 2147483647;
			files = (
				2FF6112DD29A1DB8C21AE109 /* Pods_CatsAndDogs_CatsAndDogsUITests.framework in Frameworks */,
			);
			runOnlyForDeploymentPostprocessing = 0;
		};
/* End PBXFrameworksBuildPhase section */

/* Begin PBXGroup section */
		09FD0EA90D8A53D16EB25BE0 /* Pods */ = {
			isa = PBXGroup;
			children = (
				17BD8D5BFEFC2DAF794C6E75 /* Pods-CatsAndDogs.debug.xcconfig */,
				AB8ECE9C229DC7DCF88C839C /* Pods-CatsAndDogs.release.xcconfig */,
				A16B82CBC6339CEF4F454137 /* Pods-CatsAndDogs-CatsAndDogsUITests.debug.xcconfig */,
				DA0087FB60A0A8795E1605E7 /* Pods-CatsAndDogs-CatsAndDogsUITests.release.xcconfig */,
				C0AABBE0420FEB875B225445 /* Pods-CatsAndDogsTests.debug.xcconfig */,
				C1EF61A50C1932DA041574BA /* Pods-CatsAndDogsTests.release.xcconfig */,
			);
			path = Pods;
			sourceTree = "<group>";
		};
		9F55F9BF25A9E74A003809F4 /* Delegates */ = {
			isa = PBXGroup;
			children = (
				9F9568D9258E537800EB2EA5 /* AppDelegate.swift */,
				9F9568DB258E537800EB2EA5 /* SceneDelegate.swift */,
			);
			path = Delegates;
			sourceTree = "<group>";
		};
		9F9568CD258E537800EB2EA5 = {
			isa = PBXGroup;
			children = (
				9F9568D8258E537800EB2EA5 /* CatsAndDogs */,
				9F9568EF258E537E00EB2EA5 /* CatsAndDogsTests */,
				9F9568FA258E537E00EB2EA5 /* CatsAndDogsUITests */,
				9F9568D7258E537800EB2EA5 /* Products */,
				09FD0EA90D8A53D16EB25BE0 /* Pods */,
				E4DBDFF26FEE10D20583A74D /* Frameworks */,
			);
			sourceTree = "<group>";
		};
		9F9568D7258E537800EB2EA5 /* Products */ = {
			isa = PBXGroup;
			children = (
				9F9568D6258E537800EB2EA5 /* CatsAndDogs.app */,
				9F9568EC258E537E00EB2EA5 /* CatsAndDogsTests.xctest */,
				9F9568F7258E537E00EB2EA5 /* CatsAndDogsUITests.xctest */,
			);
			name = Products;
			sourceTree = "<group>";
		};
		9F9568D8258E537800EB2EA5 /* CatsAndDogs */ = {
			isa = PBXGroup;
			children = (
				9FA1149225AB0ED800B52FAC /* AppRootView.swift */,
				9F55F9B925A9B60C003809F4 /* MainView.swift */,
				9FA1149125AB02FB00B52FAC /* Authentication */,
				9F55F9BF25A9E74A003809F4 /* Delegates */,
				9F9568DF258E537E00EB2EA5 /* Assets.xcassets */,
				9F9568E4258E537E00EB2EA5 /* LaunchScreen.storyboard */,
				9F9568E7258E537E00EB2EA5 /* Info.plist */,
				9F956909258E982F00EB2EA5 /* GoogleService-Info.plist */,
				9F9568E1258E537E00EB2EA5 /* Preview Content */,
			);
			path = CatsAndDogs;
			sourceTree = "<group>";
		};
		9F9568E1258E537E00EB2EA5 /* Preview Content */ = {
			isa = PBXGroup;
			children = (
				9F9568E2258E537E00EB2EA5 /* Preview Assets.xcassets */,
			);
			path = "Preview Content";
			sourceTree = "<group>";
		};
		9F9568EF258E537E00EB2EA5 /* CatsAndDogsTests */ = {
			isa = PBXGroup;
			children = (
				9F9568F0258E537E00EB2EA5 /* CatsAndDogsTests.swift */,
				9F9568F2258E537E00EB2EA5 /* Info.plist */,
			);
			path = CatsAndDogsTests;
			sourceTree = "<group>";
		};
		9F9568FA258E537E00EB2EA5 /* CatsAndDogsUITests */ = {
			isa = PBXGroup;
			children = (
				9F9568FB258E537E00EB2EA5 /* CatsAndDogsUITests.swift */,
				9F9568FD258E537E00EB2EA5 /* Info.plist */,
			);
			path = CatsAndDogsUITests;
			sourceTree = "<group>";
		};
		9FA1149125AB02FB00B52FAC /* Authentication */ = {
			isa = PBXGroup;
			children = (
				9F9568DD258E537800EB2EA5 /* ContentView.swift */,
				9F55F9B725A9B04D003809F4 /* RegisterView.swift */,
				9F55F9C025A9F755003809F4 /* VerificationView.swift */,
			);
			path = Authentication;
			sourceTree = "<group>";
		};
		E4DBDFF26FEE10D20583A74D /* Frameworks */ = {
			isa = PBXGroup;
			children = (
				4AE90EC82CCD56C0A4144351 /* Pods_CatsAndDogs.framework */,
				58E31D5AD66F8746CA444D68 /* Pods_CatsAndDogs_CatsAndDogsUITests.framework */,
				4E4775B345103F618FC364F0 /* Pods_CatsAndDogsTests.framework */,
			);
			name = Frameworks;
			sourceTree = "<group>";
		};
/* End PBXGroup section */

/* Begin PBXNativeTarget section */
		9F9568D5258E537800EB2EA5 /* CatsAndDogs */ = {
			isa = PBXNativeTarget;
			buildConfigurationList = 9F956900258E537E00EB2EA5 /* Build configuration list for PBXNativeTarget "CatsAndDogs" */;
			buildPhases = (
				AE6E3AF2AF332C8ADB684DDF /* [CP] Check Pods Manifest.lock */,
				9F9568D2258E537800EB2EA5 /* Sources */,
				9F9568D3258E537800EB2EA5 /* Frameworks */,
				9F9568D4258E537800EB2EA5 /* Resources */,
				E0D7308302A3E49B793CE576 /* [CP] Embed Pods Frameworks */,
			);
			buildRules = (
			);
			dependencies = (
			);
			name = CatsAndDogs;
			productName = CatsAndDogs;
			productReference = 9F9568D6258E537800EB2EA5 /* CatsAndDogs.app */;
			productType = "com.apple.product-type.application";
		};
		9F9568EB258E537E00EB2EA5 /* CatsAndDogsTests */ = {
			isa = PBXNativeTarget;
			buildConfigurationList = 9F956903258E537E00EB2EA5 /* Build configuration list for PBXNativeTarget "CatsAndDogsTests" */;
			buildPhases = (
				12CED0C397B4254B0B71B48E /* [CP] Check Pods Manifest.lock */,
				9F9568E8258E537E00EB2EA5 /* Sources */,
				9F9568E9258E537E00EB2EA5 /* Frameworks */,
				9F9568EA258E537E00EB2EA5 /* Resources */,
			);
			buildRules = (
			);
			dependencies = (
				9F9568EE258E537E00EB2EA5 /* PBXTargetDependency */,
			);
			name = CatsAndDogsTests;
			productName = CatsAndDogsTests;
			productReference = 9F9568EC258E537E00EB2EA5 /* CatsAndDogsTests.xctest */;
			productType = "com.apple.product-type.bundle.unit-test";
		};
		9F9568F6258E537E00EB2EA5 /* CatsAndDogsUITests */ = {
			isa = PBXNativeTarget;
			buildConfigurationList = 9F956906258E537E00EB2EA5 /* Build configuration list for PBXNativeTarget "CatsAndDogsUITests" */;
			buildPhases = (
				307432B09925D945A87D3FE9 /* [CP] Check Pods Manifest.lock */,
				9F9568F3258E537E00EB2EA5 /* Sources */,
				9F9568F4258E537E00EB2EA5 /* Frameworks */,
				9F9568F5258E537E00EB2EA5 /* Resources */,
				5D1F6DADD10C413852226AC0 /* [CP] Embed Pods Frameworks */,
			);
			buildRules = (
			);
			dependencies = (
				9F9568F9258E537E00EB2EA5 /* PBXTargetDependency */,
			);
			name = CatsAndDogsUITests;
			productName = CatsAndDogsUITests;
			productReference = 9F9568F7258E537E00EB2EA5 /* CatsAndDogsUITests.xctest */;
			productType = "com.apple.product-type.bundle.ui-testing";
		};
/* End PBXNativeTarget section */

/* Begin PBXProject section */
		9F9568CE258E537800EB2EA5 /* Project object */ = {
			isa = PBXProject;
			attributes = {
				LastSwiftUpdateCheck = 1170;
				LastUpgradeCheck = 1170;
				ORGANIZATIONNAME = "Halil Ibrahim Kasapoglu";
				TargetAttributes = {
					9F9568D5258E537800EB2EA5 = {
						CreatedOnToolsVersion = 11.7;
					};
					9F9568EB258E537E00EB2EA5 = {
						CreatedOnToolsVersion = 11.7;
						TestTargetID = 9F9568D5258E537800EB2EA5;
					};
					9F9568F6258E537E00EB2EA5 = {
						CreatedOnToolsVersion = 11.7;
						TestTargetID = 9F9568D5258E537800EB2EA5;
					};
				};
			};
			buildConfigurationList = 9F9568D1258E537800EB2EA5 /* Build configuration list for PBXProject "CatsAndDogs" */;
			compatibilityVersion = "Xcode 9.3";
			developmentRegion = en;
			hasScannedForEncodings = 0;
			knownRegions = (
				en,
				Base,
			);
			mainGroup = 9F9568CD258E537800EB2EA5;
			productRefGroup = 9F9568D7258E537800EB2EA5 /* Products */;
			projectDirPath = "";
			projectRoot = "";
			targets = (
				9F9568D5258E537800EB2EA5 /* CatsAndDogs */,
				9F9568EB258E537E00EB2EA5 /* CatsAndDogsTests */,
				9F9568F6258E537E00EB2EA5 /* CatsAndDogsUITests */,
			);
		};
/* End PBXProject section */

/* Begin PBXResourcesBuildPhase section */
		9F9568D4258E537800EB2EA5 /* Resources */ = {
			isa = PBXResourcesBuildPhase;
			buildActionMask = 2147483647;
			files = (
				9F9568E6258E537E00EB2EA5 /* LaunchScreen.storyboard in Resources */,
				9F95690A258E982F00EB2EA5 /* GoogleService-Info.plist in Resources */,
				9F9568E3258E537E00EB2EA5 /* Preview Assets.xcassets in Resources */,
				9F9568E0258E537E00EB2EA5 /* Assets.xcassets in Resources */,
			);
			runOnlyForDeploymentPostprocessing = 0;
		};
		9F9568EA258E537E00EB2EA5 /* Resources */ = {
			isa = PBXResourcesBuildPhase;
			buildActionMask = 2147483647;
			files = (
			);
			runOnlyForDeploymentPostprocessing = 0;
		};
		9F9568F5258E537E00EB2EA5 /* Resources */ = {
			isa = PBXResourcesBuildPhase;
			buildActionMask = 2147483647;
			files = (
			);
			runOnlyForDeploymentPostprocessing = 0;
		};
/* End PBXResourcesBuildPhase section */

/* Begin PBXShellScriptBuildPhase section */
		12CED0C397B4254B0B71B48E /* [CP] Check Pods Manifest.lock */ = {
			isa = PBXShellScriptBuildPhase;
			buildActionMask = 2147483647;
			files = (
			);
			inputFileListPaths = (
			);
			inputPaths = (
				"${PODS_PODFILE_DIR_PATH}/Podfile.lock",
				"${PODS_ROOT}/Manifest.lock",
			);
			name = "[CP] Check Pods Manifest.lock";
			outputFileListPaths = (
			);
			outputPaths = (
				"$(DERIVED_FILE_DIR)/Pods-CatsAndDogsTests-checkManifestLockResult.txt",
			);
			runOnlyForDeploymentPostprocessing = 0;
			shellPath = /bin/sh;
			shellScript = "diff \"${PODS_PODFILE_DIR_PATH}/Podfile.lock\" \"${PODS_ROOT}/Manifest.lock\" > /dev/null\nif [ $? != 0 ] ; then\n    # print error to STDERR\n    echo \"error: The sandbox is not in sync with the Podfile.lock. Run 'pod install' or update your CocoaPods installation.\" >&2\n    exit 1\nfi\n# This output is used by Xcode 'outputs' to avoid re-running this script phase.\necho \"SUCCESS\" > \"${SCRIPT_OUTPUT_FILE_0}\"\n";
			showEnvVarsInLog = 0;
		};
		307432B09925D945A87D3FE9 /* [CP] Check Pods Manifest.lock */ = {
			isa = PBXShellScriptBuildPhase;
			buildActionMask = 2147483647;
			files = (
			);
			inputFileListPaths = (
			);
			inputPaths = (
				"${PODS_PODFILE_DIR_PATH}/Podfile.lock",
				"${PODS_ROOT}/Manifest.lock",
			);
			name = "[CP] Check Pods Manifest.lock";
			outputFileListPaths = (
			);
			outputPaths = (
				"$(DERIVED_FILE_DIR)/Pods-CatsAndDogs-CatsAndDogsUITests-checkManifestLockResult.txt",
			);
			runOnlyForDeploymentPostprocessing = 0;
			shellPath = /bin/sh;
			shellScript = "diff \"${PODS_PODFILE_DIR_PATH}/Podfile.lock\" \"${PODS_ROOT}/Manifest.lock\" > /dev/null\nif [ $? != 0 ] ; then\n    # print error to STDERR\n    echo \"error: The sandbox is not in sync with the Podfile.lock. Run 'pod install' or update your CocoaPods installation.\" >&2\n    exit 1\nfi\n# This output is used by Xcode 'outputs' to avoid re-running this script phase.\necho \"SUCCESS\" > \"${SCRIPT_OUTPUT_FILE_0}\"\n";
			showEnvVarsInLog = 0;
		};
		5D1F6DADD10C413852226AC0 /* [CP] Embed Pods Frameworks */ = {
			isa = PBXShellScriptBuildPhase;
			buildActionMask = 2147483647;
			files = (
			);
			inputFileListPaths = (
				"${PODS_ROOT}/Target Support Files/Pods-CatsAndDogs-CatsAndDogsUITests/Pods-CatsAndDogs-CatsAndDogsUITests-frameworks-${CONFIGURATION}-input-files.xcfilelist",
			);
			name = "[CP] Embed Pods Frameworks";
			outputFileListPaths = (
				"${PODS_ROOT}/Target Support Files/Pods-CatsAndDogs-CatsAndDogsUITests/Pods-CatsAndDogs-CatsAndDogsUITests-frameworks-${CONFIGURATION}-output-files.xcfilelist",
			);
			runOnlyForDeploymentPostprocessing = 0;
			shellPath = /bin/sh;
			shellScript = "\"${PODS_ROOT}/Target Support Files/Pods-CatsAndDogs-CatsAndDogsUITests/Pods-CatsAndDogs-CatsAndDogsUITests-frameworks.sh\"\n";
			showEnvVarsInLog = 0;
		};
		AE6E3AF2AF332C8ADB684DDF /* [CP] Check Pods Manifest.lock */ = {
			isa = PBXShellScriptBuildPhase;
			buildActionMask = 2147483647;
			files = (
			);
			inputFileListPaths = (
			);
			inputPaths = (
				"${PODS_PODFILE_DIR_PATH}/Podfile.lock",
				"${PODS_ROOT}/Manifest.lock",
			);
			name = "[CP] Check Pods Manifest.lock";
			outputFileListPaths = (
			);
			outputPaths = (
				"$(DERIVED_FILE_DIR)/Pods-CatsAndDogs-checkManifestLockResult.txt",
			);
			runOnlyForDeploymentPostprocessing = 0;
			shellPath = /bin/sh;
			shellScript = "diff \"${PODS_PODFILE_DIR_PATH}/Podfile.lock\" \"${PODS_ROOT}/Manifest.lock\" > /dev/null\nif [ $? != 0 ] ; then\n    # print error to STDERR\n    echo \"error: The sandbox is not in sync with the Podfile.lock. Run 'pod install' or update your CocoaPods installation.\" >&2\n    exit 1\nfi\n# This output is used by Xcode 'outputs' to avoid re-running this script phase.\necho \"SUCCESS\" > \"${SCRIPT_OUTPUT_FILE_0}\"\n";
			showEnvVarsInLog = 0;
		};
		E0D7308302A3E49B793CE576 /* [CP] Embed Pods Frameworks */ = {
			isa = PBXShellScriptBuildPhase;
			buildActionMask = 2147483647;
			files = (
			);
			inputFileListPaths = (
				"${PODS_ROOT}/Target Support Files/Pods-CatsAndDogs/Pods-CatsAndDogs-frameworks-${CONFIGURATION}-input-files.xcfilelist",
			);
			name = "[CP] Embed Pods Frameworks";
			outputFileListPaths = (
				"${PODS_ROOT}/Target Support Files/Pods-CatsAndDogs/Pods-CatsAndDogs-frameworks-${CONFIGURATION}-output-files.xcfilelist",
			);
			runOnlyForDeploymentPostprocessing = 0;
			shellPath = /bin/sh;
			shellScript = "\"${PODS_ROOT}/Target Support Files/Pods-CatsAndDogs/Pods-CatsAndDogs-frameworks.sh\"\n";
			showEnvVarsInLog = 0;
		};
/* End PBXShellScriptBuildPhase section */

/* Begin PBXSourcesBuildPhase section */
		9F9568D2258E537800EB2EA5 /* Sources */ = {
			isa = PBXSourcesBuildPhase;
			buildActionMask = 2147483647;
			files = (
				9F9568DA258E537800EB2EA5 /* AppDelegate.swift in Sources */,
				9FA1149325AB0ED800B52FAC /* AppRootView.swift in Sources */,
				9F55F9B825A9B04D003809F4 /* RegisterView.swift in Sources */,
				9F9568DC258E537800EB2EA5 /* SceneDelegate.swift in Sources */,
				9F55F9C125A9F755003809F4 /* VerificationView.swift in Sources */,
				9F55F9BA25A9B60C003809F4 /* MainView.swift in Sources */,
				9F9568DE258E537800EB2EA5 /* ContentView.swift in Sources */,
			);
			runOnlyForDeploymentPostprocessing = 0;
		};
		9F9568E8258E537E00EB2EA5 /* Sources */ = {
			isa = PBXSourcesBuildPhase;
			buildActionMask = 2147483647;
			files = (
				9F9568F1258E537E00EB2EA5 /* CatsAndDogsTests.swift in Sources */,
			);
			runOnlyForDeploymentPostprocessing = 0;
		};
		9F9568F3258E537E00EB2EA5 /* Sources */ = {
			isa = PBXSourcesBuildPhase;
			buildActionMask = 2147483647;
			files = (
				9F9568FC258E537E00EB2EA5 /* CatsAndDogsUITests.swift in Sources */,
			);
			runOnlyForDeploymentPostprocessing = 0;
		};
/* End PBXSourcesBuildPhase section */

/* Begin PBXTargetDependency section */
		9F9568EE258E537E00EB2EA5 /* PBXTargetDependency */ = {
			isa = PBXTargetDependency;
			target = 9F9568D5258E537800EB2EA5 /* CatsAndDogs */;
			targetProxy = 9F9568ED258E537E00EB2EA5 /* PBXContainerItemProxy */;
		};
		9F9568F9258E537E00EB2EA5 /* PBXTargetDependency */ = {
			isa = PBXTargetDependency;
			target = 9F9568D5258E537800EB2EA5 /* CatsAndDogs */;
			targetProxy = 9F9568F8258E537E00EB2EA5 /* PBXContainerItemProxy */;
		};
/* End PBXTargetDependency section */

/* Begin PBXVariantGroup section */
		9F9568E4258E537E00EB2EA5 /* LaunchScreen.storyboard */ = {
			isa = PBXVariantGroup;
			children = (
				9F9568E5258E537E00EB2EA5 /* Base */,
			);
			name = LaunchScreen.storyboard;
			sourceTree = "<group>";
		};
/* End PBXVariantGroup section */

/* Begin XCBuildConfiguration section */
		9F9568FE258E537E00EB2EA5 /* Debug */ = {
			isa = XCBuildConfiguration;
			buildSettings = {
				ALWAYS_SEARCH_USER_PATHS = NO;
				CLANG_ANALYZER_NONNULL = YES;
				CLANG_ANALYZER_NUMBER_OBJECT_CONVERSION = YES_AGGRESSIVE;
				CLANG_CXX_LANGUAGE_STANDARD = "gnu++14";
				CLANG_CXX_LIBRARY = "libc++";
				CLANG_ENABLE_MODULES = YES;
				CLANG_ENABLE_OBJC_ARC = YES;
				CLANG_ENABLE_OBJC_WEAK = YES;
				CLANG_WARN_BLOCK_CAPTURE_AUTORELEASING = YES;
				CLANG_WARN_BOOL_CONVERSION = YES;
				CLANG_WARN_COMMA = YES;
				CLANG_WARN_CONSTANT_CONVERSION = YES;
				CLANG_WARN_DEPRECATED_OBJC_IMPLEMENTATIONS = YES;
				CLANG_WARN_DIRECT_OBJC_ISA_USAGE = YES_ERROR;
				CLANG_WARN_DOCUMENTATION_COMMENTS = YES;
				CLANG_WARN_EMPTY_BODY = YES;
				CLANG_WARN_ENUM_CONVERSION = YES;
				CLANG_WARN_INFINITE_RECURSION = YES;
				CLANG_WARN_INT_CONVERSION = YES;
				CLANG_WARN_NON_LITERAL_NULL_CONVERSION = YES;
				CLANG_WARN_OBJC_IMPLICIT_RETAIN_SELF = YES;
				CLANG_WARN_OBJC_LITERAL_CONVERSION = YES;
				CLANG_WARN_OBJC_ROOT_CLASS = YES_ERROR;
				CLANG_WARN_RANGE_LOOP_ANALYSIS = YES;
				CLANG_WARN_STRICT_PROTOTYPES = YES;
				CLANG_WARN_SUSPICIOUS_MOVE = YES;
				CLANG_WARN_UNGUARDED_AVAILABILITY = YES_AGGRESSIVE;
				CLANG_WARN_UNREACHABLE_CODE = YES;
				CLANG_WARN__DUPLICATE_METHOD_MATCH = YES;
				COPY_PHASE_STRIP = NO;
				DEBUG_INFORMATION_FORMAT = dwarf;
				ENABLE_STRICT_OBJC_MSGSEND = YES;
				ENABLE_TESTABILITY = YES;
				GCC_C_LANGUAGE_STANDARD = gnu11;
				GCC_DYNAMIC_NO_PIC = NO;
				GCC_NO_COMMON_BLOCKS = YES;
				GCC_OPTIMIZATION_LEVEL = 0;
				GCC_PREPROCESSOR_DEFINITIONS = (
					"DEBUG=1",
					"$(inherited)",
				);
				GCC_WARN_64_TO_32_BIT_CONVERSION = YES;
				GCC_WARN_ABOUT_RETURN_TYPE = YES_ERROR;
				GCC_WARN_UNDECLARED_SELECTOR = YES;
				GCC_WARN_UNINITIALIZED_AUTOS = YES_AGGRESSIVE;
				GCC_WARN_UNUSED_FUNCTION = YES;
				GCC_WARN_UNUSED_VARIABLE = YES;
				IPHONEOS_DEPLOYMENT_TARGET = 13.7;
				MTL_ENABLE_DEBUG_INFO = INCLUDE_SOURCE;
				MTL_FAST_MATH = YES;
				ONLY_ACTIVE_ARCH = YES;
				SDKROOT = iphoneos;
				SWIFT_ACTIVE_COMPILATION_CONDITIONS = DEBUG;
				SWIFT_OPTIMIZATION_LEVEL = "-Onone";
			};
			name = Debug;
		};
		9F9568FF258E537E00EB2EA5 /* Release */ = {
			isa = XCBuildConfiguration;
			buildSettings = {
				ALWAYS_SEARCH_USER_PATHS = NO;
				CLANG_ANALYZER_NONNULL = YES;
				CLANG_ANALYZER_NUMBER_OBJECT_CONVERSION = YES_AGGRESSIVE;
				CLANG_CXX_LANGUAGE_STANDARD = "gnu++14";
				CLANG_CXX_LIBRARY = "libc++";
				CLANG_ENABLE_MODULES = YES;
				CLANG_ENABLE_OBJC_ARC = YES;
				CLANG_ENABLE_OBJC_WEAK = YES;
				CLANG_WARN_BLOCK_CAPTURE_AUTORELEASING = YES;
				CLANG_WARN_BOOL_CONVERSION = YES;
				CLANG_WARN_COMMA = YES;
				CLANG_WARN_CONSTANT_CONVERSION = YES;
				CLANG_WARN_DEPRECATED_OBJC_IMPLEMENTATIONS = YES;
				CLANG_WARN_DIRECT_OBJC_ISA_USAGE = YES_ERROR;
				CLANG_WARN_DOCUMENTATION_COMMENTS = YES;
				CLANG_WARN_EMPTY_BODY = YES;
				CLANG_WARN_ENUM_CONVERSION = YES;
				CLANG_WARN_INFINITE_RECURSION = YES;
				CLANG_WARN_INT_CONVERSION = YES;
				CLANG_WARN_NON_LITERAL_NULL_CONVERSION = YES;
				CLANG_WARN_OBJC_IMPLICIT_RETAIN_SELF = YES;
				CLANG_WARN_OBJC_LITERAL_CONVERSION = YES;
				CLANG_WARN_OBJC_ROOT_CLASS = YES_ERROR;
				CLANG_WARN_RANGE_LOOP_ANALYSIS = YES;
				CLANG_WARN_STRICT_PROTOTYPES = YES;
				CLANG_WARN_SUSPICIOUS_MOVE = YES;
				CLANG_WARN_UNGUARDED_AVAILABILITY = YES_AGGRESSIVE;
				CLANG_WARN_UNREACHABLE_CODE = YES;
				CLANG_WARN__DUPLICATE_METHOD_MATCH = YES;
				COPY_PHASE_STRIP = NO;
				DEBUG_INFORMATION_FORMAT = "dwarf-with-dsym";
				ENABLE_NS_ASSERTIONS = NO;
				ENABLE_STRICT_OBJC_MSGSEND = YES;
				GCC_C_LANGUAGE_STANDARD = gnu11;
				GCC_NO_COMMON_BLOCKS = YES;
				GCC_WARN_64_TO_32_BIT_CONVERSION = YES;
				GCC_WARN_ABOUT_RETURN_TYPE = YES_ERROR;
				GCC_WARN_UNDECLARED_SELECTOR = YES;
				GCC_WARN_UNINITIALIZED_AUTOS = YES_AGGRESSIVE;
				GCC_WARN_UNUSED_FUNCTION = YES;
				GCC_WARN_UNUSED_VARIABLE = YES;
				IPHONEOS_DEPLOYMENT_TARGET = 13.7;
				MTL_ENABLE_DEBUG_INFO = NO;
				MTL_FAST_MATH = YES;
				SDKROOT = iphoneos;
				SWIFT_COMPILATION_MODE = wholemodule;
				SWIFT_OPTIMIZATION_LEVEL = "-O";
				VALIDATE_PRODUCT = YES;
			};
			name = Release;
		};
		9F956901258E537E00EB2EA5 /* Debug */ = {
			isa = XCBuildConfiguration;
			baseConfigurationReference = 17BD8D5BFEFC2DAF794C6E75 /* Pods-CatsAndDogs.debug.xcconfig */;
			buildSettings = {
				ASSETCATALOG_COMPILER_APPICON_NAME = AppIcon;
				CODE_SIGN_STYLE = Automatic;
				DEVELOPMENT_ASSET_PATHS = "\"CatsAndDogs/Preview Content\"";
				ENABLE_PREVIEWS = YES;
				INFOPLIST_FILE = CatsAndDogs/Info.plist;
				IPHONEOS_DEPLOYMENT_TARGET = 13.7;
				LD_RUNPATH_SEARCH_PATHS = (
					"$(inherited)",
					"@executable_path/Frameworks",
				);
				PRODUCT_BUNDLE_IDENTIFIER = com.halil.CatsAndDogs;
				PRODUCT_NAME = "$(TARGET_NAME)";
				SWIFT_VERSION = 5.0;
				TARGETED_DEVICE_FAMILY = "1,2";
			};
			name = Debug;
		};
		9F956902258E537E00EB2EA5 /* Release */ = {
			isa = XCBuildConfiguration;
			baseConfigurationReference = AB8ECE9C229DC7DCF88C839C /* Pods-CatsAndDogs.release.xcconfig */;
			buildSettings = {
				ASSETCATALOG_COMPILER_APPICON_NAME = AppIcon;
				CODE_SIGN_STYLE = Automatic;
				DEVELOPMENT_ASSET_PATHS = "\"CatsAndDogs/Preview Content\"";
				ENABLE_PREVIEWS = YES;
				INFOPLIST_FILE = CatsAndDogs/Info.plist;
				IPHONEOS_DEPLOYMENT_TARGET = 13.7;
				LD_RUNPATH_SEARCH_PATHS = (
					"$(inherited)",
					"@executable_path/Frameworks",
				);
				PRODUCT_BUNDLE_IDENTIFIER = com.halil.CatsAndDogs;
				PRODUCT_NAME = "$(TARGET_NAME)";
				SWIFT_VERSION = 5.0;
				TARGETED_DEVICE_FAMILY = "1,2";
			};
			name = Release;
		};
		9F956904258E537E00EB2EA5 /* Debug */ = {
			isa = XCBuildConfiguration;
			baseConfigurationReference = C0AABBE0420FEB875B225445 /* Pods-CatsAndDogsTests.debug.xcconfig */;
			buildSettings = {
				ALWAYS_EMBED_SWIFT_STANDARD_LIBRARIES = YES;
				BUNDLE_LOADER = "$(TEST_HOST)";
				CODE_SIGN_STYLE = Automatic;
				INFOPLIST_FILE = CatsAndDogsTests/Info.plist;
				IPHONEOS_DEPLOYMENT_TARGET = 13.7;
				LD_RUNPATH_SEARCH_PATHS = (
					"$(inherited)",
					"@executable_path/Frameworks",
					"@loader_path/Frameworks",
				);
				PRODUCT_BUNDLE_IDENTIFIER = halil.CatsAndDogsTests;
				PRODUCT_NAME = "$(TARGET_NAME)";
				SWIFT_VERSION = 5.0;
				TARGETED_DEVICE_FAMILY = "1,2";
				TEST_HOST = "$(BUILT_PRODUCTS_DIR)/CatsAndDogs.app/CatsAndDogs";
			};
			name = Debug;
		};
		9F956905258E537E00EB2EA5 /* Release */ = {
			isa = XCBuildConfiguration;
			baseConfigurationReference = C1EF61A50C1932DA041574BA /* Pods-CatsAndDogsTests.release.xcconfig */;
			buildSettings = {
				ALWAYS_EMBED_SWIFT_STANDARD_LIBRARIES = YES;
				BUNDLE_LOADER = "$(TEST_HOST)";
				CODE_SIGN_STYLE = Automatic;
				INFOPLIST_FILE = CatsAndDogsTests/Info.plist;
				IPHONEOS_DEPLOYMENT_TARGET = 13.7;
				LD_RUNPATH_SEARCH_PATHS = (
					"$(inherited)",
					"@executable_path/Frameworks",
					"@loader_path/Frameworks",
				);
				PRODUCT_BUNDLE_IDENTIFIER = halil.CatsAndDogsTests;
				PRODUCT_NAME = "$(TARGET_NAME)";
				SWIFT_VERSION = 5.0;
				TARGETED_DEVICE_FAMILY = "1,2";
				TEST_HOST = "$(BUILT_PRODUCTS_DIR)/CatsAndDogs.app/CatsAndDogs";
			};
			name = Release;
		};
		9F956907258E537E00EB2EA5 /* Debug */ = {
			isa = XCBuildConfiguration;
			baseConfigurationReference = A16B82CBC6339CEF4F454137 /* Pods-CatsAndDogs-CatsAndDogsUITests.debug.xcconfig */;
			buildSettings = {
				ALWAYS_EMBED_SWIFT_STANDARD_LIBRARIES = YES;
				CODE_SIGN_STYLE = Automatic;
				INFOPLIST_FILE = CatsAndDogsUITests/Info.plist;
				LD_RUNPATH_SEARCH_PATHS = (
					"$(inherited)",
					"@executable_path/Frameworks",
					"@loader_path/Frameworks",
				);
				PRODUCT_BUNDLE_IDENTIFIER = halil.CatsAndDogsUITests;
				PRODUCT_NAME = "$(TARGET_NAME)";
				SWIFT_VERSION = 5.0;
				TARGETED_DEVICE_FAMILY = "1,2";
				TEST_TARGET_NAME = CatsAndDogs;
			};
			name = Debug;
		};
		9F956908258E537E00EB2EA5 /* Release */ = {
			isa = XCBuildConfiguration;
			baseConfigurationReference = DA0087FB60A0A8795E1605E7 /* Pods-CatsAndDogs-CatsAndDogsUITests.release.xcconfig */;
			buildSettings = {
				ALWAYS_EMBED_SWIFT_STANDARD_LIBRARIES = YES;
				CODE_SIGN_STYLE = Automatic;
				INFOPLIST_FILE = CatsAndDogsUITests/Info.plist;
				LD_RUNPATH_SEARCH_PATHS = (
					"$(inherited)",
					"@executable_path/Frameworks",
					"@loader_path/Frameworks",
				);
				PRODUCT_BUNDLE_IDENTIFIER = halil.CatsAndDogsUITests;
				PRODUCT_NAME = "$(TARGET_NAME)";
				SWIFT_VERSION = 5.0;
				TARGETED_DEVICE_FAMILY = "1,2";
				TEST_TARGET_NAME = CatsAndDogs;
			};
			name = Release;
		};
/* End XCBuildConfiguration section */

/* Begin XCConfigurationList section */
		9F9568D1258E537800EB2EA5 /* Build configuration list for PBXProject "CatsAndDogs" */ = {
			isa = XCConfigurationList;
			buildConfigurations = (
				9F9568FE258E537E00EB2EA5 /* Debug */,
				9F9568FF258E537E00EB2EA5 /* Release */,
			);
			defaultConfigurationIsVisible = 0;
			defaultConfigurationName = Release;
		};
		9F956900258E537E00EB2EA5 /* Build configuration list for PBXNativeTarget "CatsAndDogs" */ = {
			isa = XCConfigurationList;
			buildConfigurations = (
				9F956901258E537E00EB2EA5 /* Debug */,
				9F956902258E537E00EB2EA5 /* Release */,
			);
			defaultConfigurationIsVisible = 0;
			defaultConfigurationName = Release;
		};
		9F956903258E537E00EB2EA5 /* Build configuration list for PBXNativeTarget "CatsAndDogsTests" */ = {
			isa = XCConfigurationList;
			buildConfigurations = (
				9F956904258E537E00EB2EA5 /* Debug */,
				9F956905258E537E00EB2EA5 /* Release */,
			);
			defaultConfigurationIsVisible = 0;
			defaultConfigurationName = Release;
		};
		9F956906258E537E00EB2EA5 /* Build configuration list for PBXNativeTarget "CatsAndDogsUITests" */ = {
			isa = XCConfigurationList;
			buildConfigurations = (
				9F956907258E537E00EB2EA5 /* Debug */,
				9F956908258E537E00EB2EA5 /* Release */,
			);
			defaultConfigurationIsVisible = 0;
			defaultConfigurationName = Release;
		};
/* End XCConfigurationList section */
	};
	rootObject = 9F9568CE258E537800EB2EA5 /* Project object */;
}
